{
  "name": "vue-orm",
  "version": "1.0.0",
  "lockfileVersion": 1,
  "requires": true,
  "dependencies": {
    "@nakama.d/normalizr-ts": {
      "version": "1.0.1",
      "resolved": "https://registry.npmjs.org/@nakama.d/normalizr-ts/-/normalizr-ts-1.0.1.tgz",
      "integrity": "sha512-bjlfuCeN7fDiIEfUOiMYJuG/moKwej84GaSU7SIYYkpOxmBwxt8q0UP7hKMGT5hi599cEU4IaywIcd8KXnhMSA=="
    },
    "typescript": {
      "version": "4.0.3",
      "resolved": "https://registry.npmjs.org/typescript/-/typescript-4.0.3.tgz",
      "integrity": "sha512-tEu6DGxGgRJPb/mVPIZ48e69xCn2yRmCgYmDugAVwmJ6o+0u1RI18eO7E7WBTLYLaEVVOhwQmcdhQHweux/WPg==",
      "dev": true
    }
  }
}
